{
  "name": "codequest",
  "version": "2.3.0",
  "lockfileVersion": 3,
  "requires": true,
  "packages": {
    "": {
      "name": "codequest",
      "version": "2.3.0",
      "license": "MIT",
      "bin": {
        "cq": "src/cli/index.js"
      },
      "devDependencies": {},
      "engines": {
        "node": ">=16.0.0"
      }
    }
  }
}
